{
  "nodes": {
    "bun2nix": {
      "inputs": {
        "flake-parts": [
          "llm-agents",
          "flake-parts"
        ],
        "nixpkgs": [
          "llm-agents",
          "nixpkgs"
        ],
        "systems": [
          "llm-agents",
          "systems"
        ],
        "treefmt-nix": [
          "llm-agents",
          "treefmt-nix"
        ]
      },
      "locked": {
        "lastModified": 1788011267,
        "narHash": "sha256-mEq2kU+ljompTToZ44Afvm7d/rHJ5iMBl0tjZuyShJs=",
        "owner": "Mic92",
        "repo": "bun2nix",
        "rev": "5765b0614591f75ee8ba5596e81ae85c167d1071",
        "type": "github"
      },
      "original": {
        "owner": "Mic92",
        "ref": "fix-structured-attrs-hook",
        "repo": "bun2nix",
        "type": "github"
      }
    },
    "crane": {
      "locked": {
        "lastModified": 1787326676,
        "narHash": "sha256-lWhBbBvC05/xwivKBBiM2YNizpmgqCgyOIzomvRuwxs=",
        "owner": "ipetkov",
        "repo": "crane",
        "rev": "692f7e9ef2ece8125b466f66f2af532b3edaed0d",
        "type": "github"
      },
      "original": {
        "owner": "ipetkov",
        "repo": "crane",
        "type": "github"
      }
    },
    "drowse": {
      "inputs": {
        "flake-parts": [
          "nbac",
          "flake-parts"
        ],
        "haumea": "haumea",
        "nixpkgs": [
          "nbac",
          "nixpkgs"
        ]
      },
      "locked": {
        "lastModified": 1787092639,
        "narHash": "sha256-uxi+L7I3W1qhgutXSzF/PorynGKzgfqiWemsQwAaW5s=",
        "owner": "figsoda",
        "repo": "drowse",
        "rev": "f605ebf75f5f6c6a187afa7e45ff27e41804920c",
        "type": "github"
      },
      "original": {
        "owner": "figsoda",
        "repo": "drowse",
        "type": "github"
      }
    },
    "epi": {
      "inputs": {
        "flake-parts": "flake-parts",
        "nixpkgs": "nixpkgs"
      },
      "locked": {
        "lastModified": 1788614126,
        "narHash": "sha256-H9rypScfGCChOm3MXQ9GUwlHDbRZpf6B88u02jMiJd8=",
        "ref": "refs/heads/main",
        "rev": "95c241febb3cb8e3ded6fead2de49f9e9561fc17",
        "revCount": 260,
        "type": "git",
        "url": "https://tangled.org/adam.robins.wtf/epi"
      },
      "original": {
        "type": "git",
        "url": "https://tangled.org/adam.robins.wtf/epi"
      }
    },
    "flake-parts": {
      "inputs": {
        "nixpkgs-lib": "nixpkgs-lib"
      },
      "locked": {
        "lastModified": 1788450739,
        "narHash": "sha256-glZLQlzIn1fXH6PazR2iUmTo7kzzyYSshrWhLS9TqCU=",
        "owner": "hercules-ci",
        "repo": "flake-parts",
        "rev": "31729ca8cbdb4fa927b34e5f4353e6a83f39e993",
        "type": "github"
      },
      "original": {
        "owner": "hercules-ci",
        "repo": "flake-parts",
        "type": "github"
      }
    },
    "flake-parts_2": {
      "inputs": {
        "nixpkgs-lib": "nixpkgs-lib_2"
      },
      "locked": {
        "lastModified": 1788450739,
        "narHash": "sha256-glZLQlzIn1fXH6PazR2iUmTo7kzzyYSshrWhLS9TqCU=",
        "owner": "hercules-ci",
        "repo": "flake-parts",
        "rev": "31729ca8cbdb4fa927b34e5f4353e6a83f39e993",
        "type": "github"
      },
      "original": {
        "owner": "hercules-ci",
        "repo": "flake-parts",
        "type": "github"
      }
    },
    "flake-parts_3": {
      "inputs": {
        "nixpkgs-lib": [
          "llm-agents",
          "nixpkgs"
        ]
      },
      "locked": {
        "lastModified": 1788450739,
        "narHash": "sha256-glZLQlzIn1fXH6PazR2iUmTo7kzzyYSshrWhLS9TqCU=",
        "owner": "hercules-ci",
        "repo": "flake-parts",
        "rev": "31729ca8cbdb4fa927b34e5f4353e6a83f39e993",
        "type": "github"
      },
      "original": {
        "owner": "hercules-ci",
        "repo": "flake-parts",
        "type": "github"
      }
    },
    "flake-parts_4": {
      "inputs": {
        "nixpkgs-lib": "nixpkgs-lib_3"
      },
      "locked": {
        "lastModified": 1785627969,
        "narHash": "sha256-4dtXQk/NMePegK/nWp5NSeuZKLATItOq61lpEvmXqGw=",
        "owner": "hercules-ci",
        "repo": "flake-parts",
        "rev": "427bf4bd9435fdf21321c8cc628c24efc14c0f7a",
        "type": "github"
      },
      "original": {
        "owner": "hercules-ci",
        "repo": "flake-parts",
        "type": "github"
      }
    },
    "flake-parts_5": {
      "inputs": {
        "nixpkgs-lib": "nixpkgs-lib_4"
      },
      "locked": {
        "lastModified": 1787559586,
        "narHash": "sha256-onL0VLf9vPllmT0H/OlURIU5r5t5WIEl7t4tVNKT0Nw=",
        "owner": "hercules-ci",
        "repo": "flake-parts",
        "rev": "9d0d87172c374f89da73c1cfe6d81ae62feac1f1",
        "type": "github"
      },
      "original": {
        "owner": "hercules-ci",
        "repo": "flake-parts",
        "type": "github"
      }
    },
    "haumea": {
      "inputs": {
        "nixpkgs": [
          "nbac",
          "drowse",
          "nixpkgs"
        ]
      },
      "locked": {
        "lastModified": 1685133229,
        "narHash": "sha256-FePm/Gi9PBSNwiDFq3N+DWdfxFq0UKsVVTJS3cQPn94=",
        "owner": "nix-community",
        "repo": "haumea",
        "rev": "34dd58385092a23018748b50f9b23de6266dffc2",
        "type": "github"
      },
      "original": {
        "owner": "nix-community",
        "ref": "v0.2.2",
        "repo": "haumea",
        "type": "github"
      }
    },
    "hjem": {
      "inputs": {
        "nixpkgs": [
          "nixpkgs"
        ]
      },
      "locked": {
        "lastModified": 1785769701,
        "narHash": "sha256-lcz0CrleObAK1EXWycb1XqO/ZMomVKhUV+5eXBApxbw=",
        "owner": "adamcstephens",
        "repo": "hjem",
        "rev": "d93bf4d509ad09b31c7e70af9488eb282b551d0b",
        "type": "github"
      },
      "original": {
        "owner": "adamcstephens",
        "ref": "push-wxvzlotzkqpl",
        "repo": "hjem",
        "type": "github"
      }
    },
    "llm-agents": {
      "inputs": {
        "bun2nix": "bun2nix",
        "flake-parts": "flake-parts_3",
        "nixpkgs": [
          "nixpkgs"
        ],
        "systems": "systems",
        "treefmt-nix": "treefmt-nix"
      },
      "locked": {
        "lastModified": 1788607843,
        "narHash": "sha256-J8TPHUiEY/EmxBTKD4KGX9nunyD8dXq83//p/9QPNaM=",
        "owner": "numtide",
        "repo": "llm-agents.nix",
        "rev": "896d09ccef580902e01e716e6f4646421087c252",
        "type": "github"
      },
      "original": {
        "owner": "numtide",
        "repo": "llm-agents.nix",
        "type": "github"
      }
    },
    "mnw": {
      "locked": {
        "lastModified": 1784154424,
        "narHash": "sha256-HRn4O1X2ShYtbq5Egji72/aemyc2cIQicjRZD9hBqM8=",
        "owner": "Gerg-L",
        "repo": "mnw",
        "rev": "0151d9fa87992cbeb67c86616fb9170dcec830b6",
        "type": "github"
      },
      "original": {
        "owner": "Gerg-L",
        "repo": "mnw",
        "type": "github"
      }
    },
    "nbac": {
      "inputs": {
        "drowse": "drowse",
        "flake-parts": "flake-parts_4",
        "nix-darwin": [
          "nix-darwin"
        ],
        "nixpkgs": [
          "nixpkgs"
        ]
      },
      "locked": {
        "lastModified": 1787155907,
        "narHash": "sha256-HWTyPU61TL9WvttU2ZC7aXjF66EH91VwEmJRqP28OnM=",
        "ref": "refs/heads/main",
        "rev": "1fd27383ed5abdb252e823314c5ba2e112797d41",
        "revCount": 42,
        "type": "git",
        "url": "https://tangled.org/adam.robins.wtf/nbac"
      },
      "original": {
        "type": "git",
        "url": "https://tangled.org/adam.robins.wtf/nbac"
      }
    },
    "nix-darwin": {
      "inputs": {
        "nixpkgs": [
          "nixpkgs"
        ]
      },
      "locked": {
        "lastModified": 1786845137,
        "narHash": "sha256-oQFip+v0luP8NIxJzmiW4Wu8bILsbFWom5l0zonl8hQ=",
        "owner": "lnl7",
        "repo": "nix-darwin",
        "rev": "4cff07de74b50e64bdd68cd4e722ab5b6b35ee48",
        "type": "github"
      },
      "original": {
        "owner": "lnl7",
        "ref": "master",
        "repo": "nix-darwin",
        "type": "github"
      }
    },
    "nix-index-database": {
      "inputs": {
        "nixpkgs": [
          "nixpkgs"
        ]
      },
      "locked": {
        "lastModified": 1788080100,
        "narHash": "sha256-n14luQo3F/ZLfCEHk1QieiI1nGnW92ZQZeZ0UIb0UMQ=",
        "owner": "nix-community",
        "repo": "nix-index-database",
        "rev": "dbb978fa87faf13398e90ccbc52c343d21c7dd6d",
        "type": "github"
      },
      "original": {
        "owner": "nix-community",
        "repo": "nix-index-database",
        "type": "github"
      }
    },
    "nixos-unstable-small": {
      "locked": {
        "lastModified": 1788591346,
        "narHash": "sha256-VdZ7jIKO85RAARCdBUbaiMNEy5BfhNCl5ndgpHKtyXk=",
        "owner": "nixos",
        "repo": "nixpkgs",
        "rev": "fff9b8b5d0da3dd4cad0635776af557bce714a6e",
        "type": "github"
      },
      "original": {
        "owner": "nixos",
        "ref": "nixos-unstable-small",
        "repo": "nixpkgs",
        "type": "github"
      }
    },
    "nixpkgs": {
      "locked": {
        "lastModified": 1788591346,
        "narHash": "sha256-VdZ7jIKO85RAARCdBUbaiMNEy5BfhNCl5ndgpHKtyXk=",
        "owner": "nixos",
        "repo": "nixpkgs",
        "rev": "fff9b8b5d0da3dd4cad0635776af557bce714a6e",
        "type": "github"
      },
      "original": {
        "owner": "nixos",
        "ref": "nixos-unstable-small",
        "repo": "nixpkgs",
        "type": "github"
      }
    },
    "nixpkgs-lib": {
      "locked": {
        "lastModified": 1788057806,
        "narHash": "sha256-DTQSMxzDWmT0zhguthvegnVkn7CFqGCv4IHCzk5ZUpM=",
        "owner": "nix-community",
        "repo": "nixpkgs.lib",
        "rev": "596e2e3940e09b2abbeb03f75fa1828c57fcd72c",
        "type": "github"
      },
      "original": {
        "owner": "nix-community",
        "repo": "nixpkgs.lib",
        "type": "github"
      }
    },
    "nixpkgs-lib_2": {
      "locked": {
        "lastModified": 1788057806,
        "narHash": "sha256-DTQSMxzDWmT0zhguthvegnVkn7CFqGCv4IHCzk5ZUpM=",
        "owner": "nix-community",
        "repo": "nixpkgs.lib",
        "rev": "596e2e3940e09b2abbeb03f75fa1828c57fcd72c",
        "type": "github"
      },
      "original": {
        "owner": "nix-community",
        "repo": "nixpkgs.lib",
        "type": "github"
      }
    },
    "nixpkgs-lib_3": {
      "locked": {
        "lastModified": 1785031560,
        "narHash": "sha256-OmshNvn2vupOFpYinLUu+1Dnpu4n7Q5N3ggGVNHpkUI=",
        "owner": "nix-community",
        "repo": "nixpkgs.lib",
        "rev": "0e79af5e3d4dcfcd676ab5ba3f95d2e3352e078c",
        "type": "github"
      },
      "original": {
        "owner": "nix-community",
        "repo": "nixpkgs.lib",
        "type": "github"
      }
    },
    "nixpkgs-lib_4": {
      "locked": {
        "lastModified": 1785031560,
        "narHash": "sha256-OmshNvn2vupOFpYinLUu+1Dnpu4n7Q5N3ggGVNHpkUI=",
        "owner": "nix-community",
        "repo": "nixpkgs.lib",
        "rev": "0e79af5e3d4dcfcd676ab5ba3f95d2e3352e078c",
        "type": "github"
      },
      "original": {
        "owner": "nix-community",
        "repo": "nixpkgs.lib",
        "type": "github"
      }
    },
    "nixpkgs_2": {
      "locked": {
        "lastModified": 1788531059,
        "narHash": "sha256-hLD4l3QOGBQhkVp3mQ2lJ/YbEi99qUgKapb40KovZ88=",
        "owner": "nixos",
        "repo": "nixpkgs",
        "rev": "801bef6abd86b91e51083066b83fb354a11fc640",
        "type": "github"
      },
      "original": {
        "owner": "nixos",
        "ref": "nixos-unstable",
        "repo": "nixpkgs",
        "type": "github"
      }
    },
    "nixpkgs_3": {
      "locked": {
        "lastModified": 1788039129,
        "narHash": "sha256-pa4Q0qErvCvzCaaUph7Sm37RhR4xvPrYI8Lgz6k85+A=",
        "owner": "nixos",
        "repo": "nixpkgs",
        "rev": "d2f67949798825fe853f7c5d0492b8bf016d3f88",
        "type": "github"
      },
      "original": {
        "owner": "nixos",
        "ref": "nixos-unstable",
        "repo": "nixpkgs",
        "type": "github"
      }
    },
    "profile-parts": {
      "locked": {
        "lastModified": 1717213353,
        "narHash": "sha256-+s4lSpGkL48XXi2EqnoMdt+JZOWSijkVjJnXoLEDB7k=",
        "ref": "refs/heads/main",
        "rev": "c68cd75174dc1f0c93e44b27da3517a735050b4f",
        "revCount": 11,
        "type": "git",
        "url": "https://tangled.org/adam.robins.wtf/profile-parts"
      },
      "original": {
        "type": "git",
        "url": "https://tangled.org/adam.robins.wtf/profile-parts"
      }
    },
    "root": {
      "inputs": {
        "epi": "epi",
        "flake-parts": "flake-parts_2",
        "hjem": "hjem",
        "llm-agents": "llm-agents",
        "mnw": "mnw",
        "nbac": "nbac",
        "nix-darwin": "nix-darwin",
        "nix-index-database": "nix-index-database",
        "nixos-unstable-small": "nixos-unstable-small",
        "nixpkgs": "nixpkgs_2",
        "profile-parts": "profile-parts",
        "sower": "sower"
      }
    },
    "sower": {
      "inputs": {
        "crane": "crane",
        "flake-parts": "flake-parts_5",
        "nixpkgs": "nixpkgs_3"
      },
      "locked": {
        "lastModified": 1788320883,
        "narHash": "sha256-n9iqH6I9C371yQDLKkRj7bRKwt1VPLE0kGSvGHtGZbE=",
        "ref": "refs/heads/main",
        "rev": "4ae43144ef9538558aa5d430c05acf1b45cee7d1",
        "revCount": 1244,
        "type": "git",
        "url": "https://tangled.org/adam.robins.wtf/sower"
      },
      "original": {
        "type": "git",
        "url": "https://tangled.org/adam.robins.wtf/sower"
      }
    },
    "systems": {
      "locked": {
        "lastModified": 1681028828,
        "narHash": "sha256-Vy1rq5AaRuLzOxct8nz4T6wlgyUR7zLU309k9mBC768=",
        "owner": "nix-systems",
        "repo": "default",
        "rev": "da67096a3b9bf56a91d16901293e51ba5b49a27e",
        "type": "github"
      },
      "original": {
        "owner": "nix-systems",
        "repo": "default",
        "type": "github"
      }
    },
    "treefmt-nix": {
      "inputs": {
        "nixpkgs": [
          "llm-agents",
          "nixpkgs"
        ]
      },
      "locked": {
        "lastModified": 1786901030,
        "narHash": "sha256-WSFCsDSE5ffgD2MqzkM2CYjeFiKhRF/dJUN8uedb6YE=",
        "owner": "numtide",
        "repo": "treefmt-nix",
        "rev": "27b3b12a8e6375f28ebe122f07d230ca5459bbfa",
        "type": "github"
      },
      "original": {
        "owner": "numtide",
        "repo": "treefmt-nix",
        "type": "github"
      }
    }
  },
  "root": "root",
  "version": 7
}
