version = "0.5.1"
home = "/home/adam"
root = "/home/adam/.sheldon"
config_file = "/home/adam/.sheldon/plugins.toml"
lock_file = "/home/adam/.sheldon/plugins.lock"
clone_dir = "/home/adam/.sheldon/repos"
download_dir = "/home/adam/.sheldon/downloads"

[[plugins]]
name = "tmux-zsh-vim-titles"
source_dir = "/home/adam/.sheldon/repos/github.com/MikeDacre/tmux-zsh-vim-titles"
files = ["/home/adam/.sheldon/repos/github.com/MikeDacre/tmux-zsh-vim-titles/unified-titles.plugin.zsh"]
apply = ["source"]

[[plugins]]
name = "async"
source_dir = "/home/adam/.sheldon/repos/github.com/mafredri/zsh-async"
files = ["/home/adam/.sheldon/repos/github.com/mafredri/zsh-async/async.plugin.zsh"]
apply = ["source"]

[[plugins]]
name = "pure"
source_dir = "/home/adam/.sheldon/repos/github.com/sindresorhus/pure"
files = ["/home/adam/.sheldon/repos/github.com/sindresorhus/pure/pure.plugin.zsh"]
apply = ["source"]

[[plugins]]
name = "fast-syntax-highlighting"
source_dir = "/home/adam/.sheldon/repos/github.com/zdharma/fast-syntax-highlighting"
files = ["/home/adam/.sheldon/repos/github.com/zdharma/fast-syntax-highlighting/fast-syntax-highlighting.plugin.zsh"]
apply = ["source"]

[[plugins]]
name = "zsh-autosuggestions"
source_dir = "/home/adam/.sheldon/repos/github.com/zsh-users/zsh-autosuggestions"
files = ["/home/adam/.sheldon/repos/github.com/zsh-users/zsh-autosuggestions/zsh-autosuggestions.plugin.zsh"]
apply = ["source"]

[[plugins]]
name = "comp-docker"
source_dir = "/home/adam/.sheldon/repos/github.com/greymd/docker-zsh-completion"
files = ["/home/adam/.sheldon/repos/github.com/greymd/docker-zsh-completion/docker-zsh-completion.plugin.zsh"]
apply = ["source"]

[[plugins]]
name = "comp-buffalo"
source_dir = "/home/adam/.sheldon/repos/github.com/1995parham/buffalo.zsh"
files = ["/home/adam/.sheldon/repos/github.com/1995parham/buffalo.zsh/buffalo.plugin.zsh"]
apply = ["source"]

[[plugins]]
name = "ssh-agent"
source_dir = "/home/adam/.sheldon/downloads/raw.githubusercontent.com/ohmyzsh/ohmyzsh/master/plugins/ssh-agent"
files = ["/home/adam/.sheldon/downloads/raw.githubusercontent.com/ohmyzsh/ohmyzsh/master/plugins/ssh-agent/ssh-agent.plugin.zsh"]
apply = ["source"]

[templates]
